
Microsoft Visual Studio Solution File, Format Version 12.00
# Visual Studio Version 16
VisualStudioVersion = 16.0.29424.173
MinimumVisualStudioVersion = 10.0.40219.1
Project("{8BC9CEB8-8B4A-11D0-8D11-00A0C91BC942}") = "TableCSV", "TableCSV\TableCSV.vcxproj", "{47594814-06F0-4FBF-8985-65B765C77E57}"
EndProject
Global
	GlobalSection(SolutionConfigurationPlatforms) = preSolution
		Debug|x64 = Debug|x64
		Debug|x86 = Debug|x86
		Release|x64 = Release|x64
		Release|x86 = Release|x86
	EndGlobalSection
	GlobalSection(ProjectConfigurationPlatforms) = postSolution
		{47594814-06F0-4FBF-8985-65B765C77E57}.Debug|x64.ActiveCfg = Debug|x64
		{47594814-06F0-4FBF-8985-65B765C77E57}.Debug|x64.Build.0 = Debug|x64
		{47594814-06F0-4FBF-8985-65B765C77E57}.Debug|x86.ActiveCfg = Debug|Win32
		{47594814-06F0-4FBF-8985-65B765C77E57}.Debug|x86.Build.0 = Debug|Win32
		{47594814-06F0-4FBF-8985-65B765C77E57}.Release|x64.ActiveCfg = Release|x64
		{47594814-06F0-4FBF-8985-65B765C77E57}.Release|x64.Build.0 = Release|x64
		{47594814-06F0-4FBF-8985-65B765C77E57}.Release|x86.ActiveCfg = Release|Win32
		{47594814-06F0-4FBF-8985-65B765C77E57}.Release|x86.Build.0 = Release|Win32
	EndGlobalSection
	GlobalSection(SolutionProperties) = preSolution
		HideSolutionNode = FALSE
	EndGlobalSection
	GlobalSection(ExtensibilityGlobals) = postSolution
		SolutionGuid = {C63A81A9-84D5-40ED-BCF3-068B2A9D5CBA}
	EndGlobalSection
EndGlobal
